// !$*UTF8*$!
{
	archiveVersion = 1;
	classes = {
	};
	objectVersion = 46;
	objects = {

/* Begin PBXBuildFile section */
		9E0DCCE31EFC8C35001AB810 /* AppDelegate.swift in Sources */ = {isa = PBXBuildFile; fileRef = 9E0DCCE21EFC8C35001AB810 /* AppDelegate.swift */; };
		9E0DCCE51EFC8C35001AB810 /* HomeViewController.swift in Sources */ = {isa = PBXBuildFile; fileRef = 9E0DCCE41EFC8C35001AB810 /* HomeViewController.swift */; };
		9E0DCCEA1EFC8C35001AB810 /* Assets.xcassets in Resources */ = {isa = PBXBuildFile; fileRef = 9E0DCCE91EFC8C35001AB810 /* Assets.xcassets */; };
		9E0DCCED1EFC8C35001AB810 /* LaunchScreen.storyboard in Resources */ = {isa = PBXBuildFile; fileRef = 9E0DCCEB1EFC8C35001AB810 /* LaunchScreen.storyboard */; };
		9E0DCCF51EFC8CDC001AB810 /* Color.swift in Sources */ = {isa = PBXBuildFile; fileRef = 9E0DCCF41EFC8CDC001AB810 /* Color.swift */; };
		9E0DCCF81EFC91B0001AB810 /* CoreDataManager.swift in Sources */ = {isa = PBXBuildFile; fileRef = 9E0DCCF71EFC91B0001AB810 /* CoreDataManager.swift */; };
		9E0DCCFB1EFC9571001AB810 /* MeWork.xcdatamodeld in Sources */ = {isa = PBXBuildFile; fileRef = 9E0DCCF91EFC9571001AB810 /* MeWork.xcdatamodeld */; };
		9E0FC9161F103C58003985C0 /* GetWebImageViewController.swift in Sources */ = {isa = PBXBuildFile; fileRef = 9E0FC9151F103C58003985C0 /* GetWebImageViewController.swift */; };
		9E22ECD31EFD39A200546314 /* TokenBoard.swift in Sources */ = {isa = PBXBuildFile; fileRef = 9E22ECD21EFD39A200546314 /* TokenBoard.swift */; };
		9E918F4B1EFF2F5900466251 /* Reward.swift in Sources */ = {isa = PBXBuildFile; fileRef = 9E918F4A1EFF2F5900466251 /* Reward.swift */; };
		9E9903191F184DD3003F7FCB /* SaveWebImageViewController.swift in Sources */ = {isa = PBXBuildFile; fileRef = 9E9903181F184DD3003F7FCB /* SaveWebImageViewController.swift */; };
		9EB8C4871F019A3100F0D2BD /* ChooseImageViewController.swift in Sources */ = {isa = PBXBuildFile; fileRef = 9EB8C4861F019A3100F0D2BD /* ChooseImageViewController.swift */; };
		9EC7E6981F000876008093E8 /* EnterChildNameViewController.swift in Sources */ = {isa = PBXBuildFile; fileRef = 9EC7E6971F000876008093E8 /* EnterChildNameViewController.swift */; };
		9EC7E69A1F000D6C008093E8 /* UIViewControllerExtension.swift in Sources */ = {isa = PBXBuildFile; fileRef = 9EC7E6991F000D6C008093E8 /* UIViewControllerExtension.swift */; };
		9EEC8BD71F016BC600491A9E /* NumberOfTokensViewController.swift in Sources */ = {isa = PBXBuildFile; fileRef = 9EEC8BD61F016BC600491A9E /* NumberOfTokensViewController.swift */; };
		9EF0AAE51F0C2AC500E2BBA8 /* ColorCell.swift in Sources */ = {isa = PBXBuildFile; fileRef = 9EF0AAE41F0C2AC500E2BBA8 /* ColorCell.swift */; };
		9EF20FEC1EFEEF0C008D7F8C /* UIDevice Extension.swift in Sources */ = {isa = PBXBuildFile; fileRef = 9EF20FEB1EFEEF0C008D7F8C /* UIDevice Extension.swift */; };
		9EF20FF01EFEF853008D7F8C /* TokenBoardListViewController.swift in Sources */ = {isa = PBXBuildFile; fileRef = 9EF20FEF1EFEF853008D7F8C /* TokenBoardListViewController.swift */; };
		9EF20FF21EFEFC80008D7F8C /* TokenBoardFetchedResultsController.swift in Sources */ = {isa = PBXBuildFile; fileRef = 9EF20FF11EFEFC80008D7F8C /* TokenBoardFetchedResultsController.swift */; };
		9EF20FF41EFEFC9F008D7F8C /* TokenBoardDataSource.swift in Sources */ = {isa = PBXBuildFile; fileRef = 9EF20FF31EFEFC9F008D7F8C /* TokenBoardDataSource.swift */; };
		9EFBD84A1F06A1C1002BFF1A /* DeviceType.swift in Sources */ = {isa = PBXBuildFile; fileRef = 9EFBD8491F06A1C1002BFF1A /* DeviceType.swift */; };
		9EFBD84C1F06A431002BFF1A /* BackgroundColorViewController.swift in Sources */ = {isa = PBXBuildFile; fileRef = 9EFBD84B1F06A431002BFF1A /* BackgroundColorViewController.swift */; };
/* End PBXBuildFile section */

/* Begin PBXFileReference section */
		9E0DCCDF1EFC8C35001AB810 /* MeWork.app */ = {isa = PBXFileReference; explicitFileType = wrapper.application; includeInIndex = 0; path = MeWork.app; sourceTree = BUILT_PRODUCTS_DIR; };
		9E0DCCE21EFC8C35001AB810 /* AppDelegate.swift */ = {isa = PBXFileReference; lastKnownFileType = sourcecode.swift; path = AppDelegate.swift; sourceTree = "<group>"; };
		9E0DCCE41EFC8C35001AB810 /* HomeViewController.swift */ = {isa = PBXFileReference; lastKnownFileType = sourcecode.swift; path = HomeViewController.swift; sourceTree = "<group>"; };
		9E0DCCE91EFC8C35001AB810 /* Assets.xcassets */ = {isa = PBXFileReference; lastKnownFileType = folder.assetcatalog; path = Assets.xcassets; sourceTree = "<group>"; };
		9E0DCCEC1EFC8C35001AB810 /* Base */ = {isa = PBXFileReference; lastKnownFileType = file.storyboard; name = Base; path = Base.lproj/LaunchScreen.storyboard; sourceTree = "<group>"; };
		9E0DCCEE1EFC8C35001AB810 /* Info.plist */ = {isa = PBXFileReference; lastKnownFileType = text.plist.xml; path = Info.plist; sourceTree = "<group>"; };
		9E0DCCF41EFC8CDC001AB810 /* Color.swift */ = {isa = PBXFileReference; fileEncoding = 4; lastKnownFileType = sourcecode.swift; path = Color.swift; sourceTree = "<group>"; };
		9E0DCCF71EFC91B0001AB810 /* CoreDataManager.swift */ = {isa = PBXFileReference; fileEncoding = 4; lastKnownFileType = sourcecode.swift; path = CoreDataManager.swift; sourceTree = "<group>"; };
		9E0DCCFA1EFC9571001AB810 /* MeWork.xcdatamodel */ = {isa = PBXFileReference; lastKnownFileType = wrapper.xcdatamodel; path = MeWork.xcdatamodel; sourceTree = "<group>"; };
		9E0FC9151F103C58003985C0 /* GetWebImageViewController.swift */ = {isa = PBXFileReference; fileEncoding = 4; lastKnownFileType = sourcecode.swift; path = GetWebImageViewController.swift; sourceTree = "<group>"; };
		9E22ECD21EFD39A200546314 /* TokenBoard.swift */ = {isa = PBXFileReference; fileEncoding = 4; lastKnownFileType = sourcecode.swift; path = TokenBoard.swift; sourceTree = "<group>"; };
		9E918F4A1EFF2F5900466251 /* Reward.swift */ = {isa = PBXFileReference; fileEncoding = 4; lastKnownFileType = sourcecode.swift; path = Reward.swift; sourceTree = "<group>"; };
		9E9903181F184DD3003F7FCB /* SaveWebImageViewController.swift */ = {isa = PBXFileReference; fileEncoding = 4; lastKnownFileType = sourcecode.swift; path = SaveWebImageViewController.swift; sourceTree = "<group>"; };
		9EB8C4861F019A3100F0D2BD /* ChooseImageViewController.swift */ = {isa = PBXFileReference; fileEncoding = 4; lastKnownFileType = sourcecode.swift; path = ChooseImageViewController.swift; sourceTree = "<group>"; };
		9EC7E6971F000876008093E8 /* EnterChildNameViewController.swift */ = {isa = PBXFileReference; fileEncoding = 4; lastKnownFileType = sourcecode.swift; path = EnterChildNameViewController.swift; sourceTree = "<group>"; };
		9EC7E6991F000D6C008093E8 /* UIViewControllerExtension.swift */ = {isa = PBXFileReference; fileEncoding = 4; lastKnownFileType = sourcecode.swift; path = UIViewControllerExtension.swift; sourceTree = "<group>"; };
		9EEC8BD61F016BC600491A9E /* NumberOfTokensViewController.swift */ = {isa = PBXFileReference; fileEncoding = 4; lastKnownFileType = sourcecode.swift; path = NumberOfTokensViewController.swift; sourceTree = "<group>"; };
		9EF0AAE41F0C2AC500E2BBA8 /* ColorCell.swift */ = {isa = PBXFileReference; fileEncoding = 4; lastKnownFileType = sourcecode.swift; path = ColorCell.swift; sourceTree = "<group>"; };
		9EF20FEB1EFEEF0C008D7F8C /* UIDevice Extension.swift */ = {isa = PBXFileReference; fileEncoding = 4; lastKnownFileType = sourcecode.swift; path = "UIDevice Extension.swift"; sourceTree = "<group>"; };
		9EF20FEF1EFEF853008D7F8C /* TokenBoardListViewController.swift */ = {isa = PBXFileReference; fileEncoding = 4; lastKnownFileType = sourcecode.swift; path = TokenBoardListViewController.swift; sourceTree = "<group>"; };
		9EF20FF11EFEFC80008D7F8C /* TokenBoardFetchedResultsController.swift */ = {isa = PBXFileReference; fileEncoding = 4; lastKnownFileType = sourcecode.swift; path = TokenBoardFetchedResultsController.swift; sourceTree = "<group>"; };
		9EF20FF31EFEFC9F008D7F8C /* TokenBoardDataSource.swift */ = {isa = PBXFileReference; fileEncoding = 4; lastKnownFileType = sourcecode.swift; path = TokenBoardDataSource.swift; sourceTree = "<group>"; };
		9EFBD8491F06A1C1002BFF1A /* DeviceType.swift */ = {isa = PBXFileReference; fileEncoding = 4; lastKnownFileType = sourcecode.swift; path = DeviceType.swift; sourceTree = "<group>"; };
		9EFBD84B1F06A431002BFF1A /* BackgroundColorViewController.swift */ = {isa = PBXFileReference; fileEncoding = 4; lastKnownFileType = sourcecode.swift; path = BackgroundColorViewController.swift; sourceTree = "<group>"; };
/* End PBXFileReference section */

/* Begin PBXFrameworksBuildPhase section */
		9E0DCCDC1EFC8C35001AB810 /* Frameworks */ = {
			isa = PBXFrameworksBuildPhase;
			buildActionMask = 2147483647;
			files = (
			);
			runOnlyForDeploymentPostprocessing = 0;
		};
/* End PBXFrameworksBuildPhase section */

/* Begin PBXGroup section */
		9E0DCCD61EFC8C35001AB810 = {
			isa = PBXGroup;
			children = (
				9E0DCCE11EFC8C35001AB810 /* MeWork */,
				9E0DCCE01EFC8C35001AB810 /* Products */,
			);
			sourceTree = "<group>";
		};
		9E0DCCE01EFC8C35001AB810 /* Products */ = {
			isa = PBXGroup;
			children = (
				9E0DCCDF1EFC8C35001AB810 /* MeWork.app */,
			);
			name = Products;
			sourceTree = "<group>";
		};
		9E0DCCE11EFC8C35001AB810 /* MeWork */ = {
			isa = PBXGroup;
			children = (
				9E0DCCE21EFC8C35001AB810 /* AppDelegate.swift */,
				9E0DCCE41EFC8C35001AB810 /* HomeViewController.swift */,
				9EF20FF51EFEFCB4008D7F8C /* TokenBoardList */,
				9EC7E6941F000805008093E8 /* CreateTokenBoard */,
				9E0FC9141F103BEC003985C0 /* GetImages */,
				9E0DCCE91EFC8C35001AB810 /* Assets.xcassets */,
				9E0DCCEB1EFC8C35001AB810 /* LaunchScreen.storyboard */,
				9E0DCCEE1EFC8C35001AB810 /* Info.plist */,
				9E0DCCFC1EFC957D001AB810 /* CoreData & Model */,
				9E0DCCF61EFC9115001AB810 /* Helpers */,
			);
			path = MeWork;
			sourceTree = "<group>";
		};
		9E0DCCF61EFC9115001AB810 /* Helpers */ = {
			isa = PBXGroup;
			children = (
				9E0DCCF41EFC8CDC001AB810 /* Color.swift */,
				9EF20FEB1EFEEF0C008D7F8C /* UIDevice Extension.swift */,
				9EC7E6991F000D6C008093E8 /* UIViewControllerExtension.swift */,
				9EFBD8491F06A1C1002BFF1A /* DeviceType.swift */,
			);
			name = Helpers;
			sourceTree = "<group>";
		};
		9E0DCCFC1EFC957D001AB810 /* CoreData & Model */ = {
			isa = PBXGroup;
			children = (
				9E0DCCF71EFC91B0001AB810 /* CoreDataManager.swift */,
				9E22ECD21EFD39A200546314 /* TokenBoard.swift */,
				9E918F4A1EFF2F5900466251 /* Reward.swift */,
				9E0DCCF91EFC9571001AB810 /* MeWork.xcdatamodeld */,
			);
			name = "CoreData & Model";
			sourceTree = "<group>";
		};
		9E0FC9141F103BEC003985C0 /* GetImages */ = {
			isa = PBXGroup;
			children = (
				9E0FC9151F103C58003985C0 /* GetWebImageViewController.swift */,
				9E9903181F184DD3003F7FCB /* SaveWebImageViewController.swift */,
			);
			name = GetImages;
			sourceTree = "<group>";
		};
		9EC7E6941F000805008093E8 /* CreateTokenBoard */ = {
			isa = PBXGroup;
			children = (
				9EFBD84D1F06A70F002BFF1A /* View */,
				9EC7E6971F000876008093E8 /* EnterChildNameViewController.swift */,
				9EEC8BD61F016BC600491A9E /* NumberOfTokensViewController.swift */,
				9EFBD84B1F06A431002BFF1A /* BackgroundColorViewController.swift */,
				9EB8C4861F019A3100F0D2BD /* ChooseImageViewController.swift */,
			);
			name = CreateTokenBoard;
			sourceTree = "<group>";
		};
		9EF20FF51EFEFCB4008D7F8C /* TokenBoardList */ = {
			isa = PBXGroup;
			children = (
				9EF20FEF1EFEF853008D7F8C /* TokenBoardListViewController.swift */,
				9EF20FF11EFEFC80008D7F8C /* TokenBoardFetchedResultsController.swift */,
				9EF20FF31EFEFC9F008D7F8C /* TokenBoardDataSource.swift */,
			);
			name = TokenBoardList;
			sourceTree = "<group>";
		};
		9EFBD84D1F06A70F002BFF1A /* View */ = {
			isa = PBXGroup;
			children = (
				9EF0AAE41F0C2AC500E2BBA8 /* ColorCell.swift */,
			);
			name = View;
			sourceTree = "<group>";
		};
/* End PBXGroup section */

/* Begin PBXNativeTarget section */
		9E0DCCDE1EFC8C35001AB810 /* MeWork */ = {
			isa = PBXNativeTarget;
			buildConfigurationList = 9E0DCCF11EFC8C35001AB810 /* Build configuration list for PBXNativeTarget "MeWork" */;
			buildPhases = (
				9E0DCCDB1EFC8C35001AB810 /* Sources */,
				9E0DCCDC1EFC8C35001AB810 /* Frameworks */,
				9E0DCCDD1EFC8C35001AB810 /* Resources */,
			);
			buildRules = (
			);
			dependencies = (
			);
			name = MeWork;
			productName = MeWork;
			productReference = 9E0DCCDF1EFC8C35001AB810 /* MeWork.app */;
			productType = "com.apple.product-type.application";
		};
/* End PBXNativeTarget section */

/* Begin PBXProject section */
		9E0DCCD71EFC8C35001AB810 /* Project object */ = {
			isa = PBXProject;
			attributes = {
				LastSwiftUpdateCheck = 0830;
				LastUpgradeCheck = 0830;
				ORGANIZATIONNAME = JoLingenfelter;
				TargetAttributes = {
					9E0DCCDE1EFC8C35001AB810 = {
						CreatedOnToolsVersion = 8.3.3;
						DevelopmentTeam = 2K6RX929EU;
						ProvisioningStyle = Automatic;
					};
				};
			};
			buildConfigurationList = 9E0DCCDA1EFC8C35001AB810 /* Build configuration list for PBXProject "MeWork" */;
			compatibilityVersion = "Xcode 3.2";
			developmentRegion = English;
			hasScannedForEncodings = 0;
			knownRegions = (
				en,
				Base,
			);
			mainGroup = 9E0DCCD61EFC8C35001AB810;
			productRefGroup = 9E0DCCE01EFC8C35001AB810 /* Products */;
			projectDirPath = "";
			projectRoot = "";
			targets = (
				9E0DCCDE1EFC8C35001AB810 /* MeWork */,
			);
		};
/* End PBXProject section */

/* Begin PBXResourcesBuildPhase section */
		9E0DCCDD1EFC8C35001AB810 /* Resources */ = {
			isa = PBXResourcesBuildPhase;
			buildActionMask = 2147483647;
			files = (
				9E0DCCED1EFC8C35001AB810 /* LaunchScreen.storyboard in Resources */,
				9E0DCCEA1EFC8C35001AB810 /* Assets.xcassets in Resources */,
			);
			runOnlyForDeploymentPostprocessing = 0;
		};
/* End PBXResourcesBuildPhase section */

/* Begin PBXSourcesBuildPhase section */
		9E0DCCDB1EFC8C35001AB810 /* Sources */ = {
			isa = PBXSourcesBuildPhase;
			buildActionMask = 2147483647;
			files = (
				9E9903191F184DD3003F7FCB /* SaveWebImageViewController.swift in Sources */,
				9E0FC9161F103C58003985C0 /* GetWebImageViewController.swift in Sources */,
				9EF0AAE51F0C2AC500E2BBA8 /* ColorCell.swift in Sources */,
				9EF20FEC1EFEEF0C008D7F8C /* UIDevice Extension.swift in Sources */,
				9E22ECD31EFD39A200546314 /* TokenBoard.swift in Sources */,
				9EB8C4871F019A3100F0D2BD /* ChooseImageViewController.swift in Sources */,
				9E0DCCE51EFC8C35001AB810 /* HomeViewController.swift in Sources */,
				9E0DCCF51EFC8CDC001AB810 /* Color.swift in Sources */,
				9E918F4B1EFF2F5900466251 /* Reward.swift in Sources */,
				9E0DCCF81EFC91B0001AB810 /* CoreDataManager.swift in Sources */,
				9EEC8BD71F016BC600491A9E /* NumberOfTokensViewController.swift in Sources */,
				9EF20FF21EFEFC80008D7F8C /* TokenBoardFetchedResultsController.swift in Sources */,
				9EC7E6981F000876008093E8 /* EnterChildNameViewController.swift in Sources */,
				9EF20FF01EFEF853008D7F8C /* TokenBoardListViewController.swift in Sources */,
				9EFBD84C1F06A431002BFF1A /* BackgroundColorViewController.swift in Sources */,
				9EC7E69A1F000D6C008093E8 /* UIViewControllerExtension.swift in Sources */,
				9EF20FF41EFEFC9F008D7F8C /* TokenBoardDataSource.swift in Sources */,
				9EFBD84A1F06A1C1002BFF1A /* DeviceType.swift in Sources */,
				9E0DCCE31EFC8C35001AB810 /* AppDelegate.swift in Sources */,
				9E0DCCFB1EFC9571001AB810 /* MeWork.xcdatamodeld in Sources */,
			);
			runOnlyForDeploymentPostprocessing = 0;
		};
/* End PBXSourcesBuildPhase section */

/* Begin PBXVariantGroup section */
		9E0DCCEB1EFC8C35001AB810 /* LaunchScreen.storyboard */ = {
			isa = PBXVariantGroup;
			children = (
				9E0DCCEC1EFC8C35001AB810 /* Base */,
			);
			name = LaunchScreen.storyboard;
			sourceTree = "<group>";
		};
/* End PBXVariantGroup section */

/* Begin XCBuildConfiguration section */
		9E0DCCEF1EFC8C35001AB810 /* Debug */ = {
			isa = XCBuildConfiguration;
			buildSettings = {
				ALWAYS_SEARCH_USER_PATHS = NO;
				CLANG_ANALYZER_NONNULL = YES;
				CLANG_ANALYZER_NUMBER_OBJECT_CONVERSION = YES_AGGRESSIVE;
				CLANG_CXX_LANGUAGE_STANDARD = "gnu++0x";
				CLANG_CXX_LIBRARY = "libc++";
				CLANG_ENABLE_MODULES = YES;
				CLANG_ENABLE_OBJC_ARC = YES;
				CLANG_WARN_BOOL_CONVERSION = YES;
				CLANG_WARN_CONSTANT_CONVERSION = YES;
				CLANG_WARN_DIRECT_OBJC_ISA_USAGE = YES_ERROR;
				CLANG_WARN_DOCUMENTATION_COMMENTS = YES;
				CLANG_WARN_EMPTY_BODY = YES;
				CLANG_WARN_ENUM_CONVERSION = YES;
				CLANG_WARN_INFINITE_RECURSION = YES;
				CLANG_WARN_INT_CONVERSION = YES;
				CLANG_WARN_OBJC_ROOT_CLASS = YES_ERROR;
				CLANG_WARN_SUSPICIOUS_MOVE = YES;
				CLANG_WARN_UNREACHABLE_CODE = YES;
				CLANG_WARN__DUPLICATE_METHOD_MATCH = YES;
				"CODE_SIGN_IDENTITY[sdk=iphoneos*]" = "iPhone Developer";
				COPY_PHASE_STRIP = NO;
				DEBUG_INFORMATION_FORMAT = dwarf;
				ENABLE_STRICT_OBJC_MSGSEND = YES;
				ENABLE_TESTABILITY = YES;
				GCC_C_LANGUAGE_STANDARD = gnu99;
				GCC_DYNAMIC_NO_PIC = NO;
				GCC_NO_COMMON_BLOCKS = YES;
				GCC_OPTIMIZATION_LEVEL = 0;
				GCC_PREPROCESSOR_DEFINITIONS = (
					"DEBUG=1",
					"$(inherited)",
				);
				GCC_WARN_64_TO_32_BIT_CONVERSION = YES;
				GCC_WARN_ABOUT_RETURN_TYPE = YES_ERROR;
				GCC_WARN_UNDECLARED_SELECTOR = YES;
				GCC_WARN_UNINITIALIZED_AUTOS = YES_AGGRESSIVE;
				GCC_WARN_UNUSED_FUNCTION = YES;
				GCC_WARN_UNUSED_VARIABLE = YES;
				IPHONEOS_DEPLOYMENT_TARGET = 10.3;
				MTL_ENABLE_DEBUG_INFO = YES;
				ONLY_ACTIVE_ARCH = YES;
				SDKROOT = iphoneos;
				SWIFT_ACTIVE_COMPILATION_CONDITIONS = DEBUG;
				SWIFT_OPTIMIZATION_LEVEL = "-Onone";
				TARGETED_DEVICE_FAMILY = "1,2";
			};
			name = Debug;
		};
		9E0DCCF01EFC8C35001AB810 /* Release */ = {
			isa = XCBuildConfiguration;
			buildSettings = {
				ALWAYS_SEARCH_USER_PATHS = NO;
				CLANG_ANALYZER_NONNULL = YES;
				CLANG_ANALYZER_NUMBER_OBJECT_CONVERSION = YES_AGGRESSIVE;
				CLANG_CXX_LANGUAGE_STANDARD = "gnu++0x";
				CLANG_CXX_LIBRARY = "libc++";
				CLANG_ENABLE_MODULES = YES;
				CLANG_ENABLE_OBJC_ARC = YES;
				CLANG_WARN_BOOL_CONVERSION = YES;
				CLANG_WARN_CONSTANT_CONVERSION = YES;
				CLANG_WARN_DIRECT_OBJC_ISA_USAGE = YES_ERROR;
				CLANG_WARN_DOCUMENTATION_COMMENTS = YES;
				CLANG_WARN_EMPTY_BODY = YES;
				CLANG_WARN_ENUM_CONVERSION = YES;
				CLANG_WARN_INFINITE_RECURSION = YES;
				CLANG_WARN_INT_CONVERSION = YES;
				CLANG_WARN_OBJC_ROOT_CLASS = YES_ERROR;
				CLANG_WARN_SUSPICIOUS_MOVE = YES;
				CLANG_WARN_UNREACHABLE_CODE = YES;
				CLANG_WARN__DUPLICATE_METHOD_MATCH = YES;
				"CODE_SIGN_IDENTITY[sdk=iphoneos*]" = "iPhone Developer";
				COPY_PHASE_STRIP = NO;
				DEBUG_INFORMATION_FORMAT = "dwarf-with-dsym";
				ENABLE_NS_ASSERTIONS = NO;
				ENABLE_STRICT_OBJC_MSGSEND = YES;
				GCC_C_LANGUAGE_STANDARD = gnu99;
				GCC_NO_COMMON_BLOCKS = YES;
				GCC_WARN_64_TO_32_BIT_CONVERSION = YES;
				GCC_WARN_ABOUT_RETURN_TYPE = YES_ERROR;
				GCC_WARN_UNDECLARED_SELECTOR = YES;
				GCC_WARN_UNINITIALIZED_AUTOS = YES_AGGRESSIVE;
				GCC_WARN_UNUSED_FUNCTION = YES;
				GCC_WARN_UNUSED_VARIABLE = YES;
				IPHONEOS_DEPLOYMENT_TARGET = 10.3;
				MTL_ENABLE_DEBUG_INFO = NO;
				SDKROOT = iphoneos;
				SWIFT_OPTIMIZATION_LEVEL = "-Owholemodule";
				TARGETED_DEVICE_FAMILY = "1,2";
				VALIDATE_PRODUCT = YES;
			};
			name = Release;
		};
		9E0DCCF21EFC8C35001AB810 /* Debug */ = {
			isa = XCBuildConfiguration;
			buildSettings = {
				ASSETCATALOG_COMPILER_APPICON_NAME = AppIcon;
				DEVELOPMENT_TEAM = 2K6RX929EU;
				INFOPLIST_FILE = MeWork/Info.plist;
				LD_RUNPATH_SEARCH_PATHS = "$(inherited) @executable_path/Frameworks";
				PRODUCT_BUNDLE_IDENTIFIER = com.jolingenfelter.MeWork;
				PRODUCT_NAME = "$(TARGET_NAME)";
				SWIFT_VERSION = 3.0;
			};
			name = Debug;
		};
		9E0DCCF31EFC8C35001AB810 /* Release */ = {
			isa = XCBuildConfiguration;
			buildSettings = {
				ASSETCATALOG_COMPILER_APPICON_NAME = AppIcon;
				DEVELOPMENT_TEAM = 2K6RX929EU;
				INFOPLIST_FILE = MeWork/Info.plist;
				LD_RUNPATH_SEARCH_PATHS = "$(inherited) @executable_path/Frameworks";
				PRODUCT_BUNDLE_IDENTIFIER = com.jolingenfelter.MeWork;
				PRODUCT_NAME = "$(TARGET_NAME)";
				SWIFT_VERSION = 3.0;
			};
			name = Release;
		};
/* End XCBuildConfiguration section */

/* Begin XCConfigurationList section */
		9E0DCCDA1EFC8C35001AB810 /* Build configuration list for PBXProject "MeWork" */ = {
			isa = XCConfigurationList;
			buildConfigurations = (
				9E0DCCEF1EFC8C35001AB810 /* Debug */,
				9E0DCCF01EFC8C35001AB810 /* Release */,
			);
			defaultConfigurationIsVisible = 0;
			defaultConfigurationName = Release;
		};
		9E0DCCF11EFC8C35001AB810 /* Build configuration list for PBXNativeTarget "MeWork" */ = {
			isa = XCConfigurationList;
			buildConfigurations = (
				9E0DCCF21EFC8C35001AB810 /* Debug */,
				9E0DCCF31EFC8C35001AB810 /* Release */,
			);
			defaultConfigurationIsVisible = 0;
			defaultConfigurationName = Release;
		};
/* End XCConfigurationList section */

/* Begin XCVersionGroup section */
		9E0DCCF91EFC9571001AB810 /* MeWork.xcdatamodeld */ = {
			isa = XCVersionGroup;
			children = (
				9E0DCCFA1EFC9571001AB810 /* MeWork.xcdatamodel */,
			);
			currentVersion = 9E0DCCFA1EFC9571001AB810 /* MeWork.xcdatamodel */;
			path = MeWork.xcdatamodeld;
			sourceTree = "<group>";
			versionGroupType = wrapper.xcdatamodel;
		};
/* End XCVersionGroup section */
	};
	rootObject = 9E0DCCD71EFC8C35001AB810 /* Project object */;
}
